// !$*UTF8*$!
{
	archiveVersion = 1;
	classes = {
	};
	objectVersion = 52;
	objects = {

/* Begin PBXBuildFile section */
		11426AF125ACB85B00C3FFD6 /* CustomViewCell.xib in Resources */ = {isa = PBXBuildFile; fileRef = 11426AF025ACB85B00C3FFD6 /* CustomViewCell.xib */; };
		11426AF625ACBC8E00C3FFD6 /* CustomViewCell.swift in Sources */ = {isa = PBXBuildFile; fileRef = 11426AF525ACBC8E00C3FFD6 /* CustomViewCell.swift */; };
		1143F22125DA99D900311767 /* WeatherCoreData+CoreDataProperties.swift in Sources */ = {isa = PBXBuildFile; fileRef = 1143F22025DA99D900311767 /* WeatherCoreData+CoreDataProperties.swift */; };
		1148A04225ADE53B0065676D /* CoreDataManager.swift in Sources */ = {isa = PBXBuildFile; fileRef = 1148A04125ADE53B0065676D /* CoreDataManager.swift */; };
		1148F28125B3499100C3E8D6 /* ConverterVC.swift in Sources */ = {isa = PBXBuildFile; fileRef = 1148F28025B3499100C3E8D6 /* ConverterVC.swift */; };
		1148F28525B34B5C00C3E8D6 /* CurrencyConverterModel.swift in Sources */ = {isa = PBXBuildFile; fileRef = 1148F28425B34B5C00C3E8D6 /* CurrencyConverterModel.swift */; };
		116A706625AE40560003BFF5 /* IIDadata in Frameworks */ = {isa = PBXBuildFile; productRef = 116A706525AE40560003BFF5 /* IIDadata */; };
		116A706D25AE42480003BFF5 /* SearchResultController.swift in Sources */ = {isa = PBXBuildFile; fileRef = 116A706C25AE42480003BFF5 /* SearchResultController.swift */; };
		1182E79425CD89B90062BEC2 /* CustomDetailCellThree.swift in Sources */ = {isa = PBXBuildFile; fileRef = 1182E79225CD89B90062BEC2 /* CustomDetailCellThree.swift */; };
		1182E79525CD89B90062BEC2 /* CustomDetailCellThree.xib in Resources */ = {isa = PBXBuildFile; fileRef = 1182E79325CD89B90062BEC2 /* CustomDetailCellThree.xib */; };
		1184ADD525CC791F00A193B0 /* WeatherDetail.swift in Sources */ = {isa = PBXBuildFile; fileRef = 1184ADD425CC791F00A193B0 /* WeatherDetail.swift */; };
		119CC91725BEB0ED00A7E523 /* CustomViewCurrency.swift in Sources */ = {isa = PBXBuildFile; fileRef = 119CC91625BEB0ED00A7E523 /* CustomViewCurrency.swift */; };
		119CC91A25BEB10D00A7E523 /* CustomViewCurrency.xib in Resources */ = {isa = PBXBuildFile; fileRef = 119CC91925BEB10D00A7E523 /* CustomViewCurrency.xib */; };
		11A1895625D073B400E84495 /* CustomCurrentWeatherCell.swift in Sources */ = {isa = PBXBuildFile; fileRef = 11A1895425D073B400E84495 /* CustomCurrentWeatherCell.swift */; };
		11A1895725D073B400E84495 /* CustomCurrentWeatherCell.xib in Resources */ = {isa = PBXBuildFile; fileRef = 11A1895525D073B400E84495 /* CustomCurrentWeatherCell.xib */; };
		11C35F2625B76C0600A21C46 /* CurrencyTableViewPopover.swift in Sources */ = {isa = PBXBuildFile; fileRef = 11C35F2525B76C0600A21C46 /* CurrencyTableViewPopover.swift */; };
		11CA0DA625ED90B400AEECCC /* CurrencyFirstData+CoreDataClass.swift in Sources */ = {isa = PBXBuildFile; fileRef = 11CA0DA325ED90B400AEECCC /* CurrencyFirstData+CoreDataClass.swift */; };
		11CA0DA725ED90B400AEECCC /* CurrencyFirstData+CoreDataProperties.swift in Sources */ = {isa = PBXBuildFile; fileRef = 11CA0DA425ED90B400AEECCC /* CurrencyFirstData+CoreDataProperties.swift */; };
		11D1057F25D98BA4003BD01C /* SobesApp.xcdatamodeld in Sources */ = {isa = PBXBuildFile; fileRef = 11D1057D25D98BA4003BD01C /* SobesApp.xcdatamodeld */; };
		11D55BA325CBE212001C8301 /* CurrencyCoreData+CoreDataClass.swift in Sources */ = {isa = PBXBuildFile; fileRef = 11D55B9D25CBE212001C8301 /* CurrencyCoreData+CoreDataClass.swift */; };
		11D55BA425CBE212001C8301 /* CurrencyCoreData+CoreDataProperties.swift in Sources */ = {isa = PBXBuildFile; fileRef = 11D55B9E25CBE212001C8301 /* CurrencyCoreData+CoreDataProperties.swift */; };
		11D55BA525CBE212001C8301 /* CurrencyUserData+CoreDataClass.swift in Sources */ = {isa = PBXBuildFile; fileRef = 11D55B9F25CBE212001C8301 /* CurrencyUserData+CoreDataClass.swift */; };
		11D55BA625CBE212001C8301 /* CurrencyUserData+CoreDataProperties.swift in Sources */ = {isa = PBXBuildFile; fileRef = 11D55BA025CBE212001C8301 /* CurrencyUserData+CoreDataProperties.swift */; };
		11D55BA725CBE212001C8301 /* WeatherCoreData+CoreDataClass.swift in Sources */ = {isa = PBXBuildFile; fileRef = 11D55BA125CBE212001C8301 /* WeatherCoreData+CoreDataClass.swift */; };
		11D55BAC25CBF47F001C8301 /* WeatherDetailModel.swift in Sources */ = {isa = PBXBuildFile; fileRef = 11D55BAB25CBF47F001C8301 /* WeatherDetailModel.swift */; };
		11D7EF6C25AAEB560057695D /* AppDelegate.swift in Sources */ = {isa = PBXBuildFile; fileRef = 11D7EF6B25AAEB560057695D /* AppDelegate.swift */; };
		11D7EF6E25AAEB560057695D /* SceneDelegate.swift in Sources */ = {isa = PBXBuildFile; fileRef = 11D7EF6D25AAEB560057695D /* SceneDelegate.swift */; };
		11D7EF7325AAEB560057695D /* Main.storyboard in Resources */ = {isa = PBXBuildFile; fileRef = 11D7EF7125AAEB560057695D /* Main.storyboard */; };
		11D7EF7825AAEB580057695D /* Assets.xcassets in Resources */ = {isa = PBXBuildFile; fileRef = 11D7EF7725AAEB580057695D /* Assets.xcassets */; };
		11D7EF7B25AAEB580057695D /* LaunchScreen.storyboard in Resources */ = {isa = PBXBuildFile; fileRef = 11D7EF7925AAEB580057695D /* LaunchScreen.storyboard */; };
		11D7EF8525AB20850057695D /* WeatherVC.swift in Sources */ = {isa = PBXBuildFile; fileRef = 11D7EF8425AB20850057695D /* WeatherVC.swift */; };
		11D7EF9125AB2B7D0057695D /* Network.swift in Sources */ = {isa = PBXBuildFile; fileRef = 11D7EF9025AB2B7D0057695D /* Network.swift */; };
		11D7EF9525AB7DC00057695D /* WeatherModel.swift in Sources */ = {isa = PBXBuildFile; fileRef = 11D7EF9425AB7DC00057695D /* WeatherModel.swift */; };
		11DA4B0425CD4A7800DFDC73 /* CustomDetailCellOne.swift in Sources */ = {isa = PBXBuildFile; fileRef = 11DA4B0225CD4A7800DFDC73 /* CustomDetailCellOne.swift */; };
		11DA4B0525CD4A7800DFDC73 /* CustomDetailCellOne.xib in Resources */ = {isa = PBXBuildFile; fileRef = 11DA4B0325CD4A7800DFDC73 /* CustomDetailCellOne.xib */; };
		11DA4B0D25CD552A00DFDC73 /* CustomDetailCellTwo.swift in Sources */ = {isa = PBXBuildFile; fileRef = 11DA4B0B25CD552A00DFDC73 /* CustomDetailCellTwo.swift */; };
		11DA4B0E25CD552A00DFDC73 /* CustomDetailCellTwo.xib in Resources */ = {isa = PBXBuildFile; fileRef = 11DA4B0C25CD552A00DFDC73 /* CustomDetailCellTwo.xib */; };
		11DA4B1525CD584400DFDC73 /* CustomDetailCollectionCell.swift in Sources */ = {isa = PBXBuildFile; fileRef = 11DA4B1325CD584400DFDC73 /* CustomDetailCollectionCell.swift */; };
		11DA4B1625CD584400DFDC73 /* CustomDetailCollectionCell.xib in Resources */ = {isa = PBXBuildFile; fileRef = 11DA4B1425CD584400DFDC73 /* CustomDetailCollectionCell.xib */; };
		11E55CF125D990ED007E11CA /* WeatherDetailCoreData+CoreDataClass.swift in Sources */ = {isa = PBXBuildFile; fileRef = 11E55CE525D990ED007E11CA /* WeatherDetailCoreData+CoreDataClass.swift */; };
		11E88DBF25DFD066009E8E1B /* WeatherDetailCoreData+CoreDataProperties.swift in Sources */ = {isa = PBXBuildFile; fileRef = 11E88DBE25DFD066009E8E1B /* WeatherDetailCoreData+CoreDataProperties.swift */; };
/* End PBXBuildFile section */

/* Begin PBXFileReference section */
		11426AF025ACB85B00C3FFD6 /* CustomViewCell.xib */ = {isa = PBXFileReference; lastKnownFileType = file.xib; path = CustomViewCell.xib; sourceTree = "<group>"; };
		11426AF525ACBC8E00C3FFD6 /* CustomViewCell.swift */ = {isa = PBXFileReference; lastKnownFileType = sourcecode.swift; path = CustomViewCell.swift; sourceTree = "<group>"; };
		1143F22025DA99D900311767 /* WeatherCoreData+CoreDataProperties.swift */ = {isa = PBXFileReference; lastKnownFileType = sourcecode.swift; path = "WeatherCoreData+CoreDataProperties.swift"; sourceTree = "<group>"; };
		1148A04125ADE53B0065676D /* CoreDataManager.swift */ = {isa = PBXFileReference; lastKnownFileType = sourcecode.swift; path = CoreDataManager.swift; sourceTree = "<group>"; };
		1148F28025B3499100C3E8D6 /* ConverterVC.swift */ = {isa = PBXFileReference; lastKnownFileType = sourcecode.swift; path = ConverterVC.swift; sourceTree = "<group>"; };
		1148F28425B34B5C00C3E8D6 /* CurrencyConverterModel.swift */ = {isa = PBXFileReference; lastKnownFileType = sourcecode.swift; path = CurrencyConverterModel.swift; sourceTree = "<group>"; };
		116A706C25AE42480003BFF5 /* SearchResultController.swift */ = {isa = PBXFileReference; lastKnownFileType = sourcecode.swift; path = SearchResultController.swift; sourceTree = "<group>"; };
		1182E79225CD89B90062BEC2 /* CustomDetailCellThree.swift */ = {isa = PBXFileReference; lastKnownFileType = sourcecode.swift; path = CustomDetailCellThree.swift; sourceTree = "<group>"; };
		1182E79325CD89B90062BEC2 /* CustomDetailCellThree.xib */ = {isa = PBXFileReference; lastKnownFileType = file.xib; path = CustomDetailCellThree.xib; sourceTree = "<group>"; };
		1184ADD425CC791F00A193B0 /* WeatherDetail.swift */ = {isa = PBXFileReference; lastKnownFileType = sourcecode.swift; path = WeatherDetail.swift; sourceTree = "<group>"; };
		119CC91625BEB0ED00A7E523 /* CustomViewCurrency.swift */ = {isa = PBXFileReference; lastKnownFileType = sourcecode.swift; path = CustomViewCurrency.swift; sourceTree = "<group>"; };
		119CC91925BEB10D00A7E523 /* CustomViewCurrency.xib */ = {isa = PBXFileReference; lastKnownFileType = file.xib; path = CustomViewCurrency.xib; sourceTree = "<group>"; };
		11A1895425D073B400E84495 /* CustomCurrentWeatherCell.swift */ = {isa = PBXFileReference; lastKnownFileType = sourcecode.swift; path = CustomCurrentWeatherCell.swift; sourceTree = "<group>"; };
		11A1895525D073B400E84495 /* CustomCurrentWeatherCell.xib */ = {isa = PBXFileReference; lastKnownFileType = file.xib; path = CustomCurrentWeatherCell.xib; sourceTree = "<group>"; };
		11C35F2525B76C0600A21C46 /* CurrencyTableViewPopover.swift */ = {isa = PBXFileReference; lastKnownFileType = sourcecode.swift; path = CurrencyTableViewPopover.swift; sourceTree = "<group>"; };
		11CA0DA325ED90B400AEECCC /* CurrencyFirstData+CoreDataClass.swift */ = {isa = PBXFileReference; lastKnownFileType = sourcecode.swift; path = "CurrencyFirstData+CoreDataClass.swift"; sourceTree = "<group>"; };
		11CA0DA425ED90B400AEECCC /* CurrencyFirstData+CoreDataProperties.swift */ = {isa = PBXFileReference; lastKnownFileType = sourcecode.swift; path = "CurrencyFirstData+CoreDataProperties.swift"; sourceTree = "<group>"; };
		11D1057E25D98BA4003BD01C /* SobesApp.xcdatamodel */ = {isa = PBXFileReference; lastKnownFileType = wrapper.xcdatamodel; path = SobesApp.xcdatamodel; sourceTree = "<group>"; };
		11D55B9D25CBE212001C8301 /* CurrencyCoreData+CoreDataClass.swift */ = {isa = PBXFileReference; lastKnownFileType = sourcecode.swift; path = "CurrencyCoreData+CoreDataClass.swift"; sourceTree = "<group>"; };
		11D55B9E25CBE212001C8301 /* CurrencyCoreData+CoreDataProperties.swift */ = {isa = PBXFileReference; lastKnownFileType = sourcecode.swift; path = "CurrencyCoreData+CoreDataProperties.swift"; sourceTree = "<group>"; };
		11D55B9F25CBE212001C8301 /* CurrencyUserData+CoreDataClass.swift */ = {isa = PBXFileReference; lastKnownFileType = sourcecode.swift; path = "CurrencyUserData+CoreDataClass.swift"; sourceTree = "<group>"; };
		11D55BA025CBE212001C8301 /* CurrencyUserData+CoreDataProperties.swift */ = {isa = PBXFileReference; lastKnownFileType = sourcecode.swift; path = "CurrencyUserData+CoreDataProperties.swift"; sourceTree = "<group>"; };
		11D55BA125CBE212001C8301 /* WeatherCoreData+CoreDataClass.swift */ = {isa = PBXFileReference; lastKnownFileType = sourcecode.swift; path = "WeatherCoreData+CoreDataClass.swift"; sourceTree = "<group>"; };
		11D55BAB25CBF47F001C8301 /* WeatherDetailModel.swift */ = {isa = PBXFileReference; lastKnownFileType = sourcecode.swift; path = WeatherDetailModel.swift; sourceTree = "<group>"; };
		11D7EF6825AAEB560057695D /* SobesApp.app */ = {isa = PBXFileReference; explicitFileType = wrapper.application; includeInIndex = 0; path = SobesApp.app; sourceTree = BUILT_PRODUCTS_DIR; };
		11D7EF6B25AAEB560057695D /* AppDelegate.swift */ = {isa = PBXFileReference; lastKnownFileType = sourcecode.swift; path = AppDelegate.swift; sourceTree = "<group>"; };
		11D7EF6D25AAEB560057695D /* SceneDelegate.swift */ = {isa = PBXFileReference; lastKnownFileType = sourcecode.swift; path = SceneDelegate.swift; sourceTree = "<group>"; };
		11D7EF7225AAEB560057695D /* Base */ = {isa = PBXFileReference; lastKnownFileType = file.storyboard; name = Base; path = Base.lproj/Main.storyboard; sourceTree = "<group>"; };
		11D7EF7725AAEB580057695D /* Assets.xcassets */ = {isa = PBXFileReference; lastKnownFileType = folder.assetcatalog; path = Assets.xcassets; sourceTree = "<group>"; };
		11D7EF7A25AAEB580057695D /* Base */ = {isa = PBXFileReference; lastKnownFileType = file.storyboard; name = Base; path = Base.lproj/LaunchScreen.storyboard; sourceTree = "<group>"; };
		11D7EF7C25AAEB580057695D /* Info.plist */ = {isa = PBXFileReference; lastKnownFileType = text.plist.xml; path = Info.plist; sourceTree = "<group>"; };
		11D7EF8425AB20850057695D /* WeatherVC.swift */ = {isa = PBXFileReference; lastKnownFileType = sourcecode.swift; path = WeatherVC.swift; sourceTree = "<group>"; };
		11D7EF9025AB2B7D0057695D /* Network.swift */ = {isa = PBXFileReference; lastKnownFileType = sourcecode.swift; path = Network.swift; sourceTree = "<group>"; };
		11D7EF9425AB7DC00057695D /* WeatherModel.swift */ = {isa = PBXFileReference; lastKnownFileType = sourcecode.swift; path = WeatherModel.swift; sourceTree = "<group>"; };
		11DA4B0225CD4A7800DFDC73 /* CustomDetailCellOne.swift */ = {isa = PBXFileReference; lastKnownFileType = sourcecode.swift; path = CustomDetailCellOne.swift; sourceTree = "<group>"; };
		11DA4B0325CD4A7800DFDC73 /* CustomDetailCellOne.xib */ = {isa = PBXFileReference; lastKnownFileType = file.xib; path = CustomDetailCellOne.xib; sourceTree = "<group>"; };
		11DA4B0B25CD552A00DFDC73 /* CustomDetailCellTwo.swift */ = {isa = PBXFileReference; lastKnownFileType = sourcecode.swift; path = CustomDetailCellTwo.swift; sourceTree = "<group>"; };
		11DA4B0C25CD552A00DFDC73 /* CustomDetailCellTwo.xib */ = {isa = PBXFileReference; lastKnownFileType = file.xib; path = CustomDetailCellTwo.xib; sourceTree = "<group>"; };
		11DA4B1325CD584400DFDC73 /* CustomDetailCollectionCell.swift */ = {isa = PBXFileReference; lastKnownFileType = sourcecode.swift; path = CustomDetailCollectionCell.swift; sourceTree = "<group>"; };
		11DA4B1425CD584400DFDC73 /* CustomDetailCollectionCell.xib */ = {isa = PBXFileReference; lastKnownFileType = file.xib; path = CustomDetailCollectionCell.xib; sourceTree = "<group>"; };
		11E55CE525D990ED007E11CA /* WeatherDetailCoreData+CoreDataClass.swift */ = {isa = PBXFileReference; lastKnownFileType = sourcecode.swift; path = "WeatherDetailCoreData+CoreDataClass.swift"; sourceTree = "<group>"; };
		11E88DBE25DFD066009E8E1B /* WeatherDetailCoreData+CoreDataProperties.swift */ = {isa = PBXFileReference; lastKnownFileType = sourcecode.swift; path = "WeatherDetailCoreData+CoreDataProperties.swift"; sourceTree = "<group>"; };
/* End PBXFileReference section */

/* Begin PBXFrameworksBuildPhase section */
		11D7EF6525AAEB560057695D /* Frameworks */ = {
			isa = PBXFrameworksBuildPhase;
			buildActionMask = 2147483647;
			files = (
				116A706625AE40560003BFF5 /* IIDadata in Frameworks */,
			);
			runOnlyForDeploymentPostprocessing = 0;
		};
/* End PBXFrameworksBuildPhase section */

/* Begin PBXGroup section */
		1133B43925DFB82A00DF5E35 /* CurrencyCoreData */ = {
			isa = PBXGroup;
			children = (
				11CA0DA325ED90B400AEECCC /* CurrencyFirstData+CoreDataClass.swift */,
				11CA0DA425ED90B400AEECCC /* CurrencyFirstData+CoreDataProperties.swift */,
				11D55B9D25CBE212001C8301 /* CurrencyCoreData+CoreDataClass.swift */,
				11D55B9E25CBE212001C8301 /* CurrencyCoreData+CoreDataProperties.swift */,
				11D55B9F25CBE212001C8301 /* CurrencyUserData+CoreDataClass.swift */,
				11D55BA025CBE212001C8301 /* CurrencyUserData+CoreDataProperties.swift */,
			);
			path = CurrencyCoreData;
			sourceTree = "<group>";
		};
		1133B43A25DFB83D00DF5E35 /* WeatherCoreData */ = {
			isa = PBXGroup;
			children = (
				11D55BA125CBE212001C8301 /* WeatherCoreData+CoreDataClass.swift */,
				1143F22025DA99D900311767 /* WeatherCoreData+CoreDataProperties.swift */,
			);
			path = WeatherCoreData;
			sourceTree = "<group>";
		};
		11426AF325ACB86200C3FFD6 /* Model */ = {
			isa = PBXGroup;
			children = (
				11427CE025AD951300D03299 /* CoreData */,
				11D7EF9025AB2B7D0057695D /* Network.swift */,
				11D7EF9425AB7DC00057695D /* WeatherModel.swift */,
				11D55BAB25CBF47F001C8301 /* WeatherDetailModel.swift */,
				1148F28425B34B5C00C3E8D6 /* CurrencyConverterModel.swift */,
			);
			path = Model;
			sourceTree = "<group>";
		};
		11427CE025AD951300D03299 /* CoreData */ = {
			isa = PBXGroup;
			children = (
				11D1055725D96C17003BD01C /* DetailWeatherCoreData */,
				1133B43925DFB82A00DF5E35 /* CurrencyCoreData */,
				1133B43A25DFB83D00DF5E35 /* WeatherCoreData */,
				1148A04125ADE53B0065676D /* CoreDataManager.swift */,
			);
			path = CoreData;
			sourceTree = "<group>";
		};
		1143888325BAA99200F6AA43 /* WeatherController */ = {
			isa = PBXGroup;
			children = (
				11D7EF8425AB20850057695D /* WeatherVC.swift */,
				116A706C25AE42480003BFF5 /* SearchResultController.swift */,
				1184ADD425CC791F00A193B0 /* WeatherDetail.swift */,
			);
			path = WeatherController;
			sourceTree = "<group>";
		};
		1148F28C25B36FE500C3E8D6 /* View */ = {
			isa = PBXGroup;
			children = (
				11DA4B1225CD580900DFDC73 /* CurrencyView */,
				11DA4B1125CD57F000DFDC73 /* WeatherView */,
			);
			path = View;
			sourceTree = "<group>";
		};
		11C35F2825B76C1100A21C46 /* CurrencyConverterController */ = {
			isa = PBXGroup;
			children = (
				1148F28025B3499100C3E8D6 /* ConverterVC.swift */,
				11C35F2525B76C0600A21C46 /* CurrencyTableViewPopover.swift */,
			);
			path = CurrencyConverterController;
			sourceTree = "<group>";
		};
		11D1055725D96C17003BD01C /* DetailWeatherCoreData */ = {
			isa = PBXGroup;
			children = (
				11E55CE525D990ED007E11CA /* WeatherDetailCoreData+CoreDataClass.swift */,
				11E88DBE25DFD066009E8E1B /* WeatherDetailCoreData+CoreDataProperties.swift */,
			);
			path = DetailWeatherCoreData;
			sourceTree = "<group>";
		};
		11D7EF5F25AAEB560057695D = {
			isa = PBXGroup;
			children = (
				11D7EF6A25AAEB560057695D /* SobesApp */,
				11D7EF6925AAEB560057695D /* Products */,
			);
			sourceTree = "<group>";
		};
		11D7EF6925AAEB560057695D /* Products */ = {
			isa = PBXGroup;
			children = (
				11D7EF6825AAEB560057695D /* SobesApp.app */,
			);
			name = Products;
			sourceTree = "<group>";
		};
		11D7EF6A25AAEB560057695D /* SobesApp */ = {
			isa = PBXGroup;
			children = (
				11426AF325ACB86200C3FFD6 /* Model */,
				11D7EF6B25AAEB560057695D /* AppDelegate.swift */,
				11D7EF6D25AAEB560057695D /* SceneDelegate.swift */,
				1148F28C25B36FE500C3E8D6 /* View */,
				1143888325BAA99200F6AA43 /* WeatherController */,
				11C35F2825B76C1100A21C46 /* CurrencyConverterController */,
				11D7EF7125AAEB560057695D /* Main.storyboard */,
				11D7EF7925AAEB580057695D /* LaunchScreen.storyboard */,
				11D1057D25D98BA4003BD01C /* SobesApp.xcdatamodeld */,
				11D7EF7725AAEB580057695D /* Assets.xcassets */,
				11D7EF7C25AAEB580057695D /* Info.plist */,
			);
			path = SobesApp;
			sourceTree = "<group>";
		};
		11DA4B1125CD57F000DFDC73 /* WeatherView */ = {
			isa = PBXGroup;
			children = (
				11DA4B0225CD4A7800DFDC73 /* CustomDetailCellOne.swift */,
				11DA4B0325CD4A7800DFDC73 /* CustomDetailCellOne.xib */,
				11DA4B0B25CD552A00DFDC73 /* CustomDetailCellTwo.swift */,
				11DA4B0C25CD552A00DFDC73 /* CustomDetailCellTwo.xib */,
				1182E79225CD89B90062BEC2 /* CustomDetailCellThree.swift */,
				1182E79325CD89B90062BEC2 /* CustomDetailCellThree.xib */,
				11A1895425D073B400E84495 /* CustomCurrentWeatherCell.swift */,
				11A1895525D073B400E84495 /* CustomCurrentWeatherCell.xib */,
				11DA4B1325CD584400DFDC73 /* CustomDetailCollectionCell.swift */,
				11DA4B1425CD584400DFDC73 /* CustomDetailCollectionCell.xib */,
				11426AF525ACBC8E00C3FFD6 /* CustomViewCell.swift */,
				11426AF025ACB85B00C3FFD6 /* CustomViewCell.xib */,
			);
			path = WeatherView;
			sourceTree = "<group>";
		};
		11DA4B1225CD580900DFDC73 /* CurrencyView */ = {
			isa = PBXGroup;
			children = (
				119CC91925BEB10D00A7E523 /* CustomViewCurrency.xib */,
				119CC91625BEB0ED00A7E523 /* CustomViewCurrency.swift */,
			);
			path = CurrencyView;
			sourceTree = "<group>";
		};
/* End PBXGroup section */

/* Begin PBXNativeTarget section */
		11D7EF6725AAEB560057695D /* SobesApp */ = {
			isa = PBXNativeTarget;
			buildConfigurationList = 11D7EF7F25AAEB580057695D /* Build configuration list for PBXNativeTarget "SobesApp" */;
			buildPhases = (
				11D7EF6425AAEB560057695D /* Sources */,
				11D7EF6525AAEB560057695D /* Frameworks */,
				11D7EF6625AAEB560057695D /* Resources */,
			);
			buildRules = (
			);
			dependencies = (
			);
			name = SobesApp;
			packageProductDependencies = (
				116A706525AE40560003BFF5 /* IIDadata */,
			);
			productName = SobesApp;
			productReference = 11D7EF6825AAEB560057695D /* SobesApp.app */;
			productType = "com.apple.product-type.application";
		};
/* End PBXNativeTarget section */

/* Begin PBXProject section */
		11D7EF6025AAEB560057695D /* Project object */ = {
			isa = PBXProject;
			attributes = {
				LastSwiftUpdateCheck = 1220;
				LastUpgradeCheck = 1220;
				TargetAttributes = {
					11D7EF6725AAEB560057695D = {
						CreatedOnToolsVersion = 12.2;
					};
				};
			};
			buildConfigurationList = 11D7EF6325AAEB560057695D /* Build configuration list for PBXProject "SobesApp" */;
			compatibilityVersion = "Xcode 9.3";
			developmentRegion = en;
			hasScannedForEncodings = 0;
			knownRegions = (
				en,
				Base,
			);
			mainGroup = 11D7EF5F25AAEB560057695D;
			packageReferences = (
				116A706425AE40560003BFF5 /* XCRemoteSwiftPackageReference "IIDadata" */,
			);
			productRefGroup = 11D7EF6925AAEB560057695D /* Products */;
			projectDirPath = "";
			projectRoot = "";
			targets = (
				11D7EF6725AAEB560057695D /* SobesApp */,
			);
		};
/* End PBXProject section */

/* Begin PBXResourcesBuildPhase section */
		11D7EF6625AAEB560057695D /* Resources */ = {
			isa = PBXResourcesBuildPhase;
			buildActionMask = 2147483647;
			files = (
				119CC91A25BEB10D00A7E523 /* CustomViewCurrency.xib in Resources */,
				11DA4B1625CD584400DFDC73 /* CustomDetailCollectionCell.xib in Resources */,
				11D7EF7B25AAEB580057695D /* LaunchScreen.storyboard in Resources */,
				11A1895725D073B400E84495 /* CustomCurrentWeatherCell.xib in Resources */,
				11DA4B0525CD4A7800DFDC73 /* CustomDetailCellOne.xib in Resources */,
				11DA4B0E25CD552A00DFDC73 /* CustomDetailCellTwo.xib in Resources */,
				11426AF125ACB85B00C3FFD6 /* CustomViewCell.xib in Resources */,
				11D7EF7825AAEB580057695D /* Assets.xcassets in Resources */,
				11D7EF7325AAEB560057695D /* Main.storyboard in Resources */,
				1182E79525CD89B90062BEC2 /* CustomDetailCellThree.xib in Resources */,
			);
			runOnlyForDeploymentPostprocessing = 0;
		};
/* End PBXResourcesBuildPhase section */

/* Begin PBXSourcesBuildPhase section */
		11D7EF6425AAEB560057695D /* Sources */ = {
			isa = PBXSourcesBuildPhase;
			buildActionMask = 2147483647;
			files = (
				11D7EF6C25AAEB560057695D /* AppDelegate.swift in Sources */,
				11C35F2625B76C0600A21C46 /* CurrencyTableViewPopover.swift in Sources */,
				1182E79425CD89B90062BEC2 /* CustomDetailCellThree.swift in Sources */,
				11CA0DA625ED90B400AEECCC /* CurrencyFirstData+CoreDataClass.swift in Sources */,
				11D55BA525CBE212001C8301 /* CurrencyUserData+CoreDataClass.swift in Sources */,
				11A1895625D073B400E84495 /* CustomCurrentWeatherCell.swift in Sources */,
				11D1057F25D98BA4003BD01C /* SobesApp.xcdatamodeld in Sources */,
				119CC91725BEB0ED00A7E523 /* CustomViewCurrency.swift in Sources */,
				11D7EF9125AB2B7D0057695D /* Network.swift in Sources */,
				11426AF625ACBC8E00C3FFD6 /* CustomViewCell.swift in Sources */,
				116A706D25AE42480003BFF5 /* SearchResultController.swift in Sources */,
				11E88DBF25DFD066009E8E1B /* WeatherDetailCoreData+CoreDataProperties.swift in Sources */,
				11D55BAC25CBF47F001C8301 /* WeatherDetailModel.swift in Sources */,
				1184ADD525CC791F00A193B0 /* WeatherDetail.swift in Sources */,
				11CA0DA725ED90B400AEECCC /* CurrencyFirstData+CoreDataProperties.swift in Sources */,
				11DA4B1525CD584400DFDC73 /* CustomDetailCollectionCell.swift in Sources */,
				11D55BA625CBE212001C8301 /* CurrencyUserData+CoreDataProperties.swift in Sources */,
				11D7EF9525AB7DC00057695D /* WeatherModel.swift in Sources */,
				11D7EF6E25AAEB560057695D /* SceneDelegate.swift in Sources */,
				11D7EF8525AB20850057695D /* WeatherVC.swift in Sources */,
				1148F28125B3499100C3E8D6 /* ConverterVC.swift in Sources */,
				11DA4B0D25CD552A00DFDC73 /* CustomDetailCellTwo.swift in Sources */,
				1148F28525B34B5C00C3E8D6 /* CurrencyConverterModel.swift in Sources */,
				11D55BA725CBE212001C8301 /* WeatherCoreData+CoreDataClass.swift in Sources */,
				11D55BA425CBE212001C8301 /* CurrencyCoreData+CoreDataProperties.swift in Sources */,
				11D55BA325CBE212001C8301 /* CurrencyCoreData+CoreDataClass.swift in Sources */,
				11DA4B0425CD4A7800DFDC73 /* CustomDetailCellOne.swift in Sources */,
				1148A04225ADE53B0065676D /* CoreDataManager.swift in Sources */,
				1143F22125DA99D900311767 /* WeatherCoreData+CoreDataProperties.swift in Sources */,
				11E55CF125D990ED007E11CA /* WeatherDetailCoreData+CoreDataClass.swift in Sources */,
			);
			runOnlyForDeploymentPostprocessing = 0;
		};
/* End PBXSourcesBuildPhase section */

/* Begin PBXVariantGroup section */
		11D7EF7125AAEB560057695D /* Main.storyboard */ = {
			isa = PBXVariantGroup;
			children = (
				11D7EF7225AAEB560057695D /* Base */,
			);
			name = Main.storyboard;
			sourceTree = "<group>";
		};
		11D7EF7925AAEB580057695D /* LaunchScreen.storyboard */ = {
			isa = PBXVariantGroup;
			children = (
				11D7EF7A25AAEB580057695D /* Base */,
			);
			name = LaunchScreen.storyboard;
			sourceTree = "<group>";
		};
/* End PBXVariantGroup section */

/* Begin XCBuildConfiguration section */
		11D7EF7D25AAEB580057695D /* Debug */ = {
			isa = XCBuildConfiguration;
			buildSettings = {
				ALWAYS_SEARCH_USER_PATHS = YES;
				CLANG_ANALYZER_NONNULL = YES;
				CLANG_ANALYZER_NUMBER_OBJECT_CONVERSION = YES_AGGRESSIVE;
				CLANG_CXX_LANGUAGE_STANDARD = "gnu++14";
				CLANG_CXX_LIBRARY = "libc++";
				CLANG_ENABLE_MODULES = YES;
				CLANG_ENABLE_OBJC_ARC = YES;
				CLANG_ENABLE_OBJC_WEAK = YES;
				CLANG_WARN_BLOCK_CAPTURE_AUTORELEASING = YES;
				CLANG_WARN_BOOL_CONVERSION = YES;
				CLANG_WARN_COMMA = YES;
				CLANG_WARN_CONSTANT_CONVERSION = YES;
				CLANG_WARN_DEPRECATED_OBJC_IMPLEMENTATIONS = YES;
				CLANG_WARN_DIRECT_OBJC_ISA_USAGE = YES_ERROR;
				CLANG_WARN_DOCUMENTATION_COMMENTS = YES;
				CLANG_WARN_EMPTY_BODY = YES;
				CLANG_WARN_ENUM_CONVERSION = YES;
				CLANG_WARN_INFINITE_RECURSION = YES;
				CLANG_WARN_INT_CONVERSION = YES;
				CLANG_WARN_NON_LITERAL_NULL_CONVERSION = YES;
				CLANG_WARN_OBJC_IMPLICIT_RETAIN_SELF = YES;
				CLANG_WARN_OBJC_LITERAL_CONVERSION = YES;
				CLANG_WARN_OBJC_ROOT_CLASS = YES_ERROR;
				CLANG_WARN_QUOTED_INCLUDE_IN_FRAMEWORK_HEADER = YES;
				CLANG_WARN_RANGE_LOOP_ANALYSIS = YES;
				CLANG_WARN_STRICT_PROTOTYPES = YES;
				CLANG_WARN_SUSPICIOUS_MOVE = YES;
				CLANG_WARN_UNGUARDED_AVAILABILITY = YES_AGGRESSIVE;
				CLANG_WARN_UNREACHABLE_CODE = YES;
				CLANG_WARN__DUPLICATE_METHOD_MATCH = YES;
				COPY_PHASE_STRIP = NO;
				DEBUG_INFORMATION_FORMAT = dwarf;
				ENABLE_STRICT_OBJC_MSGSEND = YES;
				ENABLE_TESTABILITY = YES;
				GCC_C_LANGUAGE_STANDARD = gnu11;
				GCC_DYNAMIC_NO_PIC = NO;
				GCC_NO_COMMON_BLOCKS = YES;
				GCC_OPTIMIZATION_LEVEL = 0;
				GCC_PREPROCESSOR_DEFINITIONS = (
					"DEBUG=1",
					"$(inherited)",
				);
				GCC_WARN_64_TO_32_BIT_CONVERSION = YES;
				GCC_WARN_ABOUT_RETURN_TYPE = YES_ERROR;
				GCC_WARN_UNDECLARED_SELECTOR = YES;
				GCC_WARN_UNINITIALIZED_AUTOS = YES_AGGRESSIVE;
				GCC_WARN_UNUSED_FUNCTION = YES;
				GCC_WARN_UNUSED_VARIABLE = YES;
				IPHONEOS_DEPLOYMENT_TARGET = 14.4;
				MTL_ENABLE_DEBUG_INFO = INCLUDE_SOURCE;
				MTL_FAST_MATH = YES;
				ONLY_ACTIVE_ARCH = YES;
				SDKROOT = iphoneos;
				SWIFT_ACTIVE_COMPILATION_CONDITIONS = DEBUG;
				SWIFT_OPTIMIZATION_LEVEL = "-Onone";
			};
			name = Debug;
		};
		11D7EF7E25AAEB580057695D /* Release */ = {
			isa = XCBuildConfiguration;
			buildSettings = {
				ALWAYS_SEARCH_USER_PATHS = YES;
				CLANG_ANALYZER_NONNULL = YES;
				CLANG_ANALYZER_NUMBER_OBJECT_CONVERSION = YES_AGGRESSIVE;
				CLANG_CXX_LANGUAGE_STANDARD = "gnu++14";
				CLANG_CXX_LIBRARY = "libc++";
				CLANG_ENABLE_MODULES = YES;
				CLANG_ENABLE_OBJC_ARC = YES;
				CLANG_ENABLE_OBJC_WEAK = YES;
				CLANG_WARN_BLOCK_CAPTURE_AUTORELEASING = YES;
				CLANG_WARN_BOOL_CONVERSION = YES;
				CLANG_WARN_COMMA = YES;
				CLANG_WARN_CONSTANT_CONVERSION = YES;
				CLANG_WARN_DEPRECATED_OBJC_IMPLEMENTATIONS = YES;
				CLANG_WARN_DIRECT_OBJC_ISA_USAGE = YES_ERROR;
				CLANG_WARN_DOCUMENTATION_COMMENTS = YES;
				CLANG_WARN_EMPTY_BODY = YES;
				CLANG_WARN_ENUM_CONVERSION = YES;
				CLANG_WARN_INFINITE_RECURSION = YES;
				CLANG_WARN_INT_CONVERSION = YES;
				CLANG_WARN_NON_LITERAL_NULL_CONVERSION = YES;
				CLANG_WARN_OBJC_IMPLICIT_RETAIN_SELF = YES;
				CLANG_WARN_OBJC_LITERAL_CONVERSION = YES;
				CLANG_WARN_OBJC_ROOT_CLASS = YES_ERROR;
				CLANG_WARN_QUOTED_INCLUDE_IN_FRAMEWORK_HEADER = YES;
				CLANG_WARN_RANGE_LOOP_ANALYSIS = YES;
				CLANG_WARN_STRICT_PROTOTYPES = YES;
				CLANG_WARN_SUSPICIOUS_MOVE = YES;
				CLANG_WARN_UNGUARDED_AVAILABILITY = YES_AGGRESSIVE;
				CLANG_WARN_UNREACHABLE_CODE = YES;
				CLANG_WARN__DUPLICATE_METHOD_MATCH = YES;
				COPY_PHASE_STRIP = NO;
				DEBUG_INFORMATION_FORMAT = "dwarf-with-dsym";
				ENABLE_NS_ASSERTIONS = NO;
				ENABLE_STRICT_OBJC_MSGSEND = YES;
				GCC_C_LANGUAGE_STANDARD = gnu11;
				GCC_NO_COMMON_BLOCKS = YES;
				GCC_WARN_64_TO_32_BIT_CONVERSION = YES;
				GCC_WARN_ABOUT_RETURN_TYPE = YES_ERROR;
				GCC_WARN_UNDECLARED_SELECTOR = YES;
				GCC_WARN_UNINITIALIZED_AUTOS = YES_AGGRESSIVE;
				GCC_WARN_UNUSED_FUNCTION = YES;
				GCC_WARN_UNUSED_VARIABLE = YES;
				IPHONEOS_DEPLOYMENT_TARGET = 14.4;
				MTL_ENABLE_DEBUG_INFO = NO;
				MTL_FAST_MATH = YES;
				SDKROOT = iphoneos;
				SWIFT_COMPILATION_MODE = wholemodule;
				SWIFT_OPTIMIZATION_LEVEL = "-O";
				VALIDATE_PRODUCT = YES;
			};
			name = Release;
		};
		11D7EF8025AAEB580057695D /* Debug */ = {
			isa = XCBuildConfiguration;
			buildSettings = {
				ASSETCATALOG_COMPILER_APPICON_NAME = AppIcon;
				ASSETCATALOG_COMPILER_GLOBAL_ACCENT_COLOR_NAME = AccentColor;
				CODE_SIGN_STYLE = Automatic;
				DEVELOPMENT_TEAM = RPG7899N34;
				INFOPLIST_FILE = SobesApp/Info.plist;
				IPHONEOS_DEPLOYMENT_TARGET = 14.4;
				LD_RUNPATH_SEARCH_PATHS = (
					"$(inherited)",
					"@executable_path/Frameworks",
				);
				PRODUCT_BUNDLE_IDENTIFIER = Nikita.SobesApp;
				PRODUCT_NAME = "$(TARGET_NAME)";
				SWIFT_VERSION = 5.0;
				TARGETED_DEVICE_FAMILY = "1,2";
			};
			name = Debug;
		};
		11D7EF8125AAEB580057695D /* Release */ = {
			isa = XCBuildConfiguration;
			buildSettings = {
				ASSETCATALOG_COMPILER_APPICON_NAME = AppIcon;
				ASSETCATALOG_COMPILER_GLOBAL_ACCENT_COLOR_NAME = AccentColor;
				CODE_SIGN_STYLE = Automatic;
				DEVELOPMENT_TEAM = RPG7899N34;
				INFOPLIST_FILE = SobesApp/Info.plist;
				IPHONEOS_DEPLOYMENT_TARGET = 14.4;
				LD_RUNPATH_SEARCH_PATHS = (
					"$(inherited)",
					"@executable_path/Frameworks",
				);
				PRODUCT_BUNDLE_IDENTIFIER = Nikita.SobesApp;
				PRODUCT_NAME = "$(TARGET_NAME)";
				SWIFT_VERSION = 5.0;
				TARGETED_DEVICE_FAMILY = "1,2";
			};
			name = Release;
		};
/* End XCBuildConfiguration section */

/* Begin XCConfigurationList section */
		11D7EF6325AAEB560057695D /* Build configuration list for PBXProject "SobesApp" */ = {
			isa = XCConfigurationList;
			buildConfigurations = (
				11D7EF7D25AAEB580057695D /* Debug */,
				11D7EF7E25AAEB580057695D /* Release */,
			);
			defaultConfigurationIsVisible = 0;
			defaultConfigurationName = Release;
		};
		11D7EF7F25AAEB580057695D /* Build configuration list for PBXNativeTarget "SobesApp" */ = {
			isa = XCConfigurationList;
			buildConfigurations = (
				11D7EF8025AAEB580057695D /* Debug */,
				11D7EF8125AAEB580057695D /* Release */,
			);
			defaultConfigurationIsVisible = 0;
			defaultConfigurationName = Release;
		};
/* End XCConfigurationList section */

/* Begin XCRemoteSwiftPackageReference section */
		116A706425AE40560003BFF5 /* XCRemoteSwiftPackageReference "IIDadata" */ = {
			isa = XCRemoteSwiftPackageReference;
			repositoryURL = "https://github.com/illabo/IIDadata.git";
			requirement = {
				kind = upToNextMajorVersion;
				minimumVersion = 0.2.6;
			};
		};
/* End XCRemoteSwiftPackageReference section */

/* Begin XCSwiftPackageProductDependency section */
		116A706525AE40560003BFF5 /* IIDadata */ = {
			isa = XCSwiftPackageProductDependency;
			package = 116A706425AE40560003BFF5 /* XCRemoteSwiftPackageReference "IIDadata" */;
			productName = IIDadata;
		};
/* End XCSwiftPackageProductDependency section */

/* Begin XCVersionGroup section */
		11D1057D25D98BA4003BD01C /* SobesApp.xcdatamodeld */ = {
			isa = XCVersionGroup;
			children = (
				11D1057E25D98BA4003BD01C /* SobesApp.xcdatamodel */,
			);
			currentVersion = 11D1057E25D98BA4003BD01C /* SobesApp.xcdatamodel */;
			path = SobesApp.xcdatamodeld;
			sourceTree = "<group>";
			versionGroupType = wrapper.xcdatamodel;
		};
/* End XCVersionGroup section */
	};
	rootObject = 11D7EF6025AAEB560057695D /* Project object */;
}
