// !$*UTF8*$!
{
	archiveVersion = 1;
	classes = {
	};
	objectVersion = 52;
	objects = {

/* Begin PBXBuildFile section */
		11426AF125ACB85B00C3FFD6 /* CustomViewCell.xib in Resources */ = {isa = PBXBuildFile; fileRef = 11426AF025ACB85B00C3FFD6 /* CustomViewCell.xib */; };
		11426AF625ACBC8E00C3FFD6 /* CustomViewCell.swift in Sources */ = {isa = PBXBuildFile; fileRef = 11426AF525ACBC8E00C3FFD6 /* CustomViewCell.swift */; };
		1148A03725ADA16B0065676D /* WeatherCoreData+CoreDataClass.swift in Sources */ = {isa = PBXBuildFile; fileRef = 1148A03525ADA16B0065676D /* WeatherCoreData+CoreDataClass.swift */; };
		1148A03825ADA16B0065676D /* WeatherCoreData+CoreDataProperties.swift in Sources */ = {isa = PBXBuildFile; fileRef = 1148A03625ADA16B0065676D /* WeatherCoreData+CoreDataProperties.swift */; };
		1148A03F25ADC2BF0065676D /* SobesApp.xcdatamodeld in Sources */ = {isa = PBXBuildFile; fileRef = 1148A03D25ADC2BF0065676D /* SobesApp.xcdatamodeld */; };
		1148A04225ADE53B0065676D /* CoreDataManager.swift in Sources */ = {isa = PBXBuildFile; fileRef = 1148A04125ADE53B0065676D /* CoreDataManager.swift */; };
		116A706625AE40560003BFF5 /* IIDadata in Frameworks */ = {isa = PBXBuildFile; productRef = 116A706525AE40560003BFF5 /* IIDadata */; };
		116A706D25AE42480003BFF5 /* SearchResultController.swift in Sources */ = {isa = PBXBuildFile; fileRef = 116A706C25AE42480003BFF5 /* SearchResultController.swift */; };
		11D7EF6C25AAEB560057695D /* AppDelegate.swift in Sources */ = {isa = PBXBuildFile; fileRef = 11D7EF6B25AAEB560057695D /* AppDelegate.swift */; };
		11D7EF6E25AAEB560057695D /* SceneDelegate.swift in Sources */ = {isa = PBXBuildFile; fileRef = 11D7EF6D25AAEB560057695D /* SceneDelegate.swift */; };
		11D7EF7325AAEB560057695D /* Main.storyboard in Resources */ = {isa = PBXBuildFile; fileRef = 11D7EF7125AAEB560057695D /* Main.storyboard */; };
		11D7EF7825AAEB580057695D /* Assets.xcassets in Resources */ = {isa = PBXBuildFile; fileRef = 11D7EF7725AAEB580057695D /* Assets.xcassets */; };
		11D7EF7B25AAEB580057695D /* LaunchScreen.storyboard in Resources */ = {isa = PBXBuildFile; fileRef = 11D7EF7925AAEB580057695D /* LaunchScreen.storyboard */; };
		11D7EF8525AB20850057695D /* WeatherVC.swift in Sources */ = {isa = PBXBuildFile; fileRef = 11D7EF8425AB20850057695D /* WeatherVC.swift */; };
		11D7EF9125AB2B7D0057695D /* Network.swift in Sources */ = {isa = PBXBuildFile; fileRef = 11D7EF9025AB2B7D0057695D /* Network.swift */; };
		11D7EF9525AB7DC00057695D /* ModelData.swift in Sources */ = {isa = PBXBuildFile; fileRef = 11D7EF9425AB7DC00057695D /* ModelData.swift */; };
/* End PBXBuildFile section */

/* Begin PBXFileReference section */
		11426AF025ACB85B00C3FFD6 /* CustomViewCell.xib */ = {isa = PBXFileReference; lastKnownFileType = file.xib; path = CustomViewCell.xib; sourceTree = "<group>"; };
		11426AF525ACBC8E00C3FFD6 /* CustomViewCell.swift */ = {isa = PBXFileReference; lastKnownFileType = sourcecode.swift; path = CustomViewCell.swift; sourceTree = "<group>"; };
		1148A03525ADA16B0065676D /* WeatherCoreData+CoreDataClass.swift */ = {isa = PBXFileReference; lastKnownFileType = sourcecode.swift; path = "WeatherCoreData+CoreDataClass.swift"; sourceTree = "<group>"; };
		1148A03625ADA16B0065676D /* WeatherCoreData+CoreDataProperties.swift */ = {isa = PBXFileReference; lastKnownFileType = sourcecode.swift; path = "WeatherCoreData+CoreDataProperties.swift"; sourceTree = "<group>"; };
		1148A03E25ADC2BF0065676D /* SobesApp.xcdatamodel */ = {isa = PBXFileReference; lastKnownFileType = wrapper.xcdatamodel; path = SobesApp.xcdatamodel; sourceTree = "<group>"; };
		1148A04125ADE53B0065676D /* CoreDataManager.swift */ = {isa = PBXFileReference; lastKnownFileType = sourcecode.swift; path = CoreDataManager.swift; sourceTree = "<group>"; };
		116A706C25AE42480003BFF5 /* SearchResultController.swift */ = {isa = PBXFileReference; lastKnownFileType = sourcecode.swift; path = SearchResultController.swift; sourceTree = "<group>"; };
		11D7EF6825AAEB560057695D /* SobesApp.app */ = {isa = PBXFileReference; explicitFileType = wrapper.application; includeInIndex = 0; path = SobesApp.app; sourceTree = BUILT_PRODUCTS_DIR; };
		11D7EF6B25AAEB560057695D /* AppDelegate.swift */ = {isa = PBXFileReference; lastKnownFileType = sourcecode.swift; path = AppDelegate.swift; sourceTree = "<group>"; };
		11D7EF6D25AAEB560057695D /* SceneDelegate.swift */ = {isa = PBXFileReference; lastKnownFileType = sourcecode.swift; path = SceneDelegate.swift; sourceTree = "<group>"; };
		11D7EF7225AAEB560057695D /* Base */ = {isa = PBXFileReference; lastKnownFileType = file.storyboard; name = Base; path = Base.lproj/Main.storyboard; sourceTree = "<group>"; };
		11D7EF7725AAEB580057695D /* Assets.xcassets */ = {isa = PBXFileReference; lastKnownFileType = folder.assetcatalog; path = Assets.xcassets; sourceTree = "<group>"; };
		11D7EF7A25AAEB580057695D /* Base */ = {isa = PBXFileReference; lastKnownFileType = file.storyboard; name = Base; path = Base.lproj/LaunchScreen.storyboard; sourceTree = "<group>"; };
		11D7EF7C25AAEB580057695D /* Info.plist */ = {isa = PBXFileReference; lastKnownFileType = text.plist.xml; path = Info.plist; sourceTree = "<group>"; };
		11D7EF8425AB20850057695D /* WeatherVC.swift */ = {isa = PBXFileReference; lastKnownFileType = sourcecode.swift; path = WeatherVC.swift; sourceTree = "<group>"; };
		11D7EF9025AB2B7D0057695D /* Network.swift */ = {isa = PBXFileReference; lastKnownFileType = sourcecode.swift; path = Network.swift; sourceTree = "<group>"; };
		11D7EF9425AB7DC00057695D /* ModelData.swift */ = {isa = PBXFileReference; lastKnownFileType = sourcecode.swift; path = ModelData.swift; sourceTree = "<group>"; };
/* End PBXFileReference section */

/* Begin PBXFrameworksBuildPhase section */
		11D7EF6525AAEB560057695D /* Frameworks */ = {
			isa = PBXFrameworksBuildPhase;
			buildActionMask = 2147483647;
			files = (
				116A706625AE40560003BFF5 /* IIDadata in Frameworks */,
			);
			runOnlyForDeploymentPostprocessing = 0;
		};
/* End PBXFrameworksBuildPhase section */

/* Begin PBXGroup section */
		11426AF325ACB86200C3FFD6 /* Model */ = {
			isa = PBXGroup;
			children = (
				11427CE025AD951300D03299 /* CoreData */,
				11426AF025ACB85B00C3FFD6 /* CustomViewCell.xib */,
				11426AF525ACBC8E00C3FFD6 /* CustomViewCell.swift */,
				11D7EF9425AB7DC00057695D /* ModelData.swift */,
			);
			path = Model;
			sourceTree = "<group>";
		};
		11427CE025AD951300D03299 /* CoreData */ = {
			isa = PBXGroup;
			children = (
				1148A03525ADA16B0065676D /* WeatherCoreData+CoreDataClass.swift */,
				1148A03625ADA16B0065676D /* WeatherCoreData+CoreDataProperties.swift */,
				1148A04125ADE53B0065676D /* CoreDataManager.swift */,
			);
			path = CoreData;
			sourceTree = "<group>";
		};
		11D7EF5F25AAEB560057695D = {
			isa = PBXGroup;
			children = (
				11D7EF6A25AAEB560057695D /* SobesApp */,
				11D7EF6925AAEB560057695D /* Products */,
			);
			sourceTree = "<group>";
		};
		11D7EF6925AAEB560057695D /* Products */ = {
			isa = PBXGroup;
			children = (
				11D7EF6825AAEB560057695D /* SobesApp.app */,
			);
			name = Products;
			sourceTree = "<group>";
		};
		11D7EF6A25AAEB560057695D /* SobesApp */ = {
			isa = PBXGroup;
			children = (
				11426AF325ACB86200C3FFD6 /* Model */,
				11D7EF9025AB2B7D0057695D /* Network.swift */,
				11D7EF6B25AAEB560057695D /* AppDelegate.swift */,
				11D7EF6D25AAEB560057695D /* SceneDelegate.swift */,
				11D7EF8425AB20850057695D /* WeatherVC.swift */,
				116A706C25AE42480003BFF5 /* SearchResultController.swift */,
				11D7EF7125AAEB560057695D /* Main.storyboard */,
				11D7EF7725AAEB580057695D /* Assets.xcassets */,
				11D7EF7925AAEB580057695D /* LaunchScreen.storyboard */,
				11D7EF7C25AAEB580057695D /* Info.plist */,
				1148A03D25ADC2BF0065676D /* SobesApp.xcdatamodeld */,
			);
			path = SobesApp;
			sourceTree = "<group>";
		};
/* End PBXGroup section */

/* Begin PBXNativeTarget section */
		11D7EF6725AAEB560057695D /* SobesApp */ = {
			isa = PBXNativeTarget;
			buildConfigurationList = 11D7EF7F25AAEB580057695D /* Build configuration list for PBXNativeTarget "SobesApp" */;
			buildPhases = (
				11D7EF6425AAEB560057695D /* Sources */,
				11D7EF6525AAEB560057695D /* Frameworks */,
				11D7EF6625AAEB560057695D /* Resources */,
			);
			buildRules = (
			);
			dependencies = (
			);
			name = SobesApp;
			packageProductDependencies = (
				116A706525AE40560003BFF5 /* IIDadata */,
			);
			productName = SobesApp;
			productReference = 11D7EF6825AAEB560057695D /* SobesApp.app */;
			productType = "com.apple.product-type.application";
		};
/* End PBXNativeTarget section */

/* Begin PBXProject section */
		11D7EF6025AAEB560057695D /* Project object */ = {
			isa = PBXProject;
			attributes = {
				LastSwiftUpdateCheck = 1220;
				LastUpgradeCheck = 1220;
				TargetAttributes = {
					11D7EF6725AAEB560057695D = {
						CreatedOnToolsVersion = 12.2;
					};
				};
			};
			buildConfigurationList = 11D7EF6325AAEB560057695D /* Build configuration list for PBXProject "SobesApp" */;
			compatibilityVersion = "Xcode 9.3";
			developmentRegion = en;
			hasScannedForEncodings = 0;
			knownRegions = (
				en,
				Base,
			);
			mainGroup = 11D7EF5F25AAEB560057695D;
			packageReferences = (
				116A706425AE40560003BFF5 /* XCRemoteSwiftPackageReference "IIDadata" */,
			);
			productRefGroup = 11D7EF6925AAEB560057695D /* Products */;
			projectDirPath = "";
			projectRoot = "";
			targets = (
				11D7EF6725AAEB560057695D /* SobesApp */,
			);
		};
/* End PBXProject section */

/* Begin PBXResourcesBuildPhase section */
		11D7EF6625AAEB560057695D /* Resources */ = {
			isa = PBXResourcesBuildPhase;
			buildActionMask = 2147483647;
			files = (
				11D7EF7B25AAEB580057695D /* LaunchScreen.storyboard in Resources */,
				11426AF125ACB85B00C3FFD6 /* CustomViewCell.xib in Resources */,
				11D7EF7825AAEB580057695D /* Assets.xcassets in Resources */,
				11D7EF7325AAEB560057695D /* Main.storyboard in Resources */,
			);
			runOnlyForDeploymentPostprocessing = 0;
		};
/* End PBXResourcesBuildPhase section */

/* Begin PBXSourcesBuildPhase section */
		11D7EF6425AAEB560057695D /* Sources */ = {
			isa = PBXSourcesBuildPhase;
			buildActionMask = 2147483647;
			files = (
				11D7EF6C25AAEB560057695D /* AppDelegate.swift in Sources */,
				1148A03F25ADC2BF0065676D /* SobesApp.xcdatamodeld in Sources */,
				1148A03825ADA16B0065676D /* WeatherCoreData+CoreDataProperties.swift in Sources */,
				11D7EF9125AB2B7D0057695D /* Network.swift in Sources */,
				11426AF625ACBC8E00C3FFD6 /* CustomViewCell.swift in Sources */,
				116A706D25AE42480003BFF5 /* SearchResultController.swift in Sources */,
				11D7EF9525AB7DC00057695D /* ModelData.swift in Sources */,
				11D7EF6E25AAEB560057695D /* SceneDelegate.swift in Sources */,
				11D7EF8525AB20850057695D /* WeatherVC.swift in Sources */,
				1148A04225ADE53B0065676D /* CoreDataManager.swift in Sources */,
				1148A03725ADA16B0065676D /* WeatherCoreData+CoreDataClass.swift in Sources */,
			);
			runOnlyForDeploymentPostprocessing = 0;
		};
/* End PBXSourcesBuildPhase section */

/* Begin PBXVariantGroup section */
		11D7EF7125AAEB560057695D /* Main.storyboard */ = {
			isa = PBXVariantGroup;
			children = (
				11D7EF7225AAEB560057695D /* Base */,
			);
			name = Main.storyboard;
			sourceTree = "<group>";
		};
		11D7EF7925AAEB580057695D /* LaunchScreen.storyboard */ = {
			isa = PBXVariantGroup;
			children = (
				11D7EF7A25AAEB580057695D /* Base */,
			);
			name = LaunchScreen.storyboard;
			sourceTree = "<group>";
		};
/* End PBXVariantGroup section */

/* Begin XCBuildConfiguration section */
		11D7EF7D25AAEB580057695D /* Debug */ = {
			isa = XCBuildConfiguration;
			buildSettings = {
				ALWAYS_SEARCH_USER_PATHS = YES;
				CLANG_ANALYZER_NONNULL = YES;
				CLANG_ANALYZER_NUMBER_OBJECT_CONVERSION = YES_AGGRESSIVE;
				CLANG_CXX_LANGUAGE_STANDARD = "gnu++14";
				CLANG_CXX_LIBRARY = "libc++";
				CLANG_ENABLE_MODULES = YES;
				CLANG_ENABLE_OBJC_ARC = YES;
				CLANG_ENABLE_OBJC_WEAK = YES;
				CLANG_WARN_BLOCK_CAPTURE_AUTORELEASING = YES;
				CLANG_WARN_BOOL_CONVERSION = YES;
				CLANG_WARN_COMMA = YES;
				CLANG_WARN_CONSTANT_CONVERSION = YES;
				CLANG_WARN_DEPRECATED_OBJC_IMPLEMENTATIONS = YES;
				CLANG_WARN_DIRECT_OBJC_ISA_USAGE = YES_ERROR;
				CLANG_WARN_DOCUMENTATION_COMMENTS = YES;
				CLANG_WARN_EMPTY_BODY = YES;
				CLANG_WARN_ENUM_CONVERSION = YES;
				CLANG_WARN_INFINITE_RECURSION = YES;
				CLANG_WARN_INT_CONVERSION = YES;
				CLANG_WARN_NON_LITERAL_NULL_CONVERSION = YES;
				CLANG_WARN_OBJC_IMPLICIT_RETAIN_SELF = YES;
				CLANG_WARN_OBJC_LITERAL_CONVERSION = YES;
				CLANG_WARN_OBJC_ROOT_CLASS = YES_ERROR;
				CLANG_WARN_QUOTED_INCLUDE_IN_FRAMEWORK_HEADER = YES;
				CLANG_WARN_RANGE_LOOP_ANALYSIS = YES;
				CLANG_WARN_STRICT_PROTOTYPES = YES;
				CLANG_WARN_SUSPICIOUS_MOVE = YES;
				CLANG_WARN_UNGUARDED_AVAILABILITY = YES_AGGRESSIVE;
				CLANG_WARN_UNREACHABLE_CODE = YES;
				CLANG_WARN__DUPLICATE_METHOD_MATCH = YES;
				COPY_PHASE_STRIP = NO;
				DEBUG_INFORMATION_FORMAT = dwarf;
				ENABLE_STRICT_OBJC_MSGSEND = YES;
				ENABLE_TESTABILITY = YES;
				GCC_C_LANGUAGE_STANDARD = gnu11;
				GCC_DYNAMIC_NO_PIC = NO;
				GCC_NO_COMMON_BLOCKS = YES;
				GCC_OPTIMIZATION_LEVEL = 0;
				GCC_PREPROCESSOR_DEFINITIONS = (
					"DEBUG=1",
					"$(inherited)",
				);
				GCC_WARN_64_TO_32_BIT_CONVERSION = YES;
				GCC_WARN_ABOUT_RETURN_TYPE = YES_ERROR;
				GCC_WARN_UNDECLARED_SELECTOR = YES;
				GCC_WARN_UNINITIALIZED_AUTOS = YES_AGGRESSIVE;
				GCC_WARN_UNUSED_FUNCTION = YES;
				GCC_WARN_UNUSED_VARIABLE = YES;
				IPHONEOS_DEPLOYMENT_TARGET = 14.2;
				MTL_ENABLE_DEBUG_INFO = INCLUDE_SOURCE;
				MTL_FAST_MATH = YES;
				ONLY_ACTIVE_ARCH = YES;
				SDKROOT = iphoneos;
				SWIFT_ACTIVE_COMPILATION_CONDITIONS = DEBUG;
				SWIFT_OPTIMIZATION_LEVEL = "-Onone";
			};
			name = Debug;
		};
		11D7EF7E25AAEB580057695D /* Release */ = {
			isa = XCBuildConfiguration;
			buildSettings = {
				ALWAYS_SEARCH_USER_PATHS = YES;
				CLANG_ANALYZER_NONNULL = YES;
				CLANG_ANALYZER_NUMBER_OBJECT_CONVERSION = YES_AGGRESSIVE;
				CLANG_CXX_LANGUAGE_STANDARD = "gnu++14";
				CLANG_CXX_LIBRARY = "libc++";
				CLANG_ENABLE_MODULES = YES;
				CLANG_ENABLE_OBJC_ARC = YES;
				CLANG_ENABLE_OBJC_WEAK = YES;
				CLANG_WARN_BLOCK_CAPTURE_AUTORELEASING = YES;
				CLANG_WARN_BOOL_CONVERSION = YES;
				CLANG_WARN_COMMA = YES;
				CLANG_WARN_CONSTANT_CONVERSION = YES;
				CLANG_WARN_DEPRECATED_OBJC_IMPLEMENTATIONS = YES;
				CLANG_WARN_DIRECT_OBJC_ISA_USAGE = YES_ERROR;
				CLANG_WARN_DOCUMENTATION_COMMENTS = YES;
				CLANG_WARN_EMPTY_BODY = YES;
				CLANG_WARN_ENUM_CONVERSION = YES;
				CLANG_WARN_INFINITE_RECURSION = YES;
				CLANG_WARN_INT_CONVERSION = YES;
				CLANG_WARN_NON_LITERAL_NULL_CONVERSION = YES;
				CLANG_WARN_OBJC_IMPLICIT_RETAIN_SELF = YES;
				CLANG_WARN_OBJC_LITERAL_CONVERSION = YES;
				CLANG_WARN_OBJC_ROOT_CLASS = YES_ERROR;
				CLANG_WARN_QUOTED_INCLUDE_IN_FRAMEWORK_HEADER = YES;
				CLANG_WARN_RANGE_LOOP_ANALYSIS = YES;
				CLANG_WARN_STRICT_PROTOTYPES = YES;
				CLANG_WARN_SUSPICIOUS_MOVE = YES;
				CLANG_WARN_UNGUARDED_AVAILABILITY = YES_AGGRESSIVE;
				CLANG_WARN_UNREACHABLE_CODE = YES;
				CLANG_WARN__DUPLICATE_METHOD_MATCH = YES;
				COPY_PHASE_STRIP = NO;
				DEBUG_INFORMATION_FORMAT = "dwarf-with-dsym";
				ENABLE_NS_ASSERTIONS = NO;
				ENABLE_STRICT_OBJC_MSGSEND = YES;
				GCC_C_LANGUAGE_STANDARD = gnu11;
				GCC_NO_COMMON_BLOCKS = YES;
				GCC_WARN_64_TO_32_BIT_CONVERSION = YES;
				GCC_WARN_ABOUT_RETURN_TYPE = YES_ERROR;
				GCC_WARN_UNDECLARED_SELECTOR = YES;
				GCC_WARN_UNINITIALIZED_AUTOS = YES_AGGRESSIVE;
				GCC_WARN_UNUSED_FUNCTION = YES;
				GCC_WARN_UNUSED_VARIABLE = YES;
				IPHONEOS_DEPLOYMENT_TARGET = 14.2;
				MTL_ENABLE_DEBUG_INFO = NO;
				MTL_FAST_MATH = YES;
				SDKROOT = iphoneos;
				SWIFT_COMPILATION_MODE = wholemodule;
				SWIFT_OPTIMIZATION_LEVEL = "-O";
				VALIDATE_PRODUCT = YES;
			};
			name = Release;
		};
		11D7EF8025AAEB580057695D /* Debug */ = {
			isa = XCBuildConfiguration;
			buildSettings = {
				ASSETCATALOG_COMPILER_APPICON_NAME = AppIcon;
				ASSETCATALOG_COMPILER_GLOBAL_ACCENT_COLOR_NAME = AccentColor;
				CODE_SIGN_STYLE = Automatic;
				DEVELOPMENT_TEAM = RPG7899N34;
				INFOPLIST_FILE = SobesApp/Info.plist;
				LD_RUNPATH_SEARCH_PATHS = (
					"$(inherited)",
					"@executable_path/Frameworks",
				);
				PRODUCT_BUNDLE_IDENTIFIER = Nikita.SobesApp;
				PRODUCT_NAME = "$(TARGET_NAME)";
				SWIFT_VERSION = 5.0;
				TARGETED_DEVICE_FAMILY = "1,2";
			};
			name = Debug;
		};
		11D7EF8125AAEB580057695D /* Release */ = {
			isa = XCBuildConfiguration;
			buildSettings = {
				ASSETCATALOG_COMPILER_APPICON_NAME = AppIcon;
				ASSETCATALOG_COMPILER_GLOBAL_ACCENT_COLOR_NAME = AccentColor;
				CODE_SIGN_STYLE = Automatic;
				DEVELOPMENT_TEAM = RPG7899N34;
				INFOPLIST_FILE = SobesApp/Info.plist;
				LD_RUNPATH_SEARCH_PATHS = (
					"$(inherited)",
					"@executable_path/Frameworks",
				);
				PRODUCT_BUNDLE_IDENTIFIER = Nikita.SobesApp;
				PRODUCT_NAME = "$(TARGET_NAME)";
				SWIFT_VERSION = 5.0;
				TARGETED_DEVICE_FAMILY = "1,2";
			};
			name = Release;
		};
/* End XCBuildConfiguration section */

/* Begin XCConfigurationList section */
		11D7EF6325AAEB560057695D /* Build configuration list for PBXProject "SobesApp" */ = {
			isa = XCConfigurationList;
			buildConfigurations = (
				11D7EF7D25AAEB580057695D /* Debug */,
				11D7EF7E25AAEB580057695D /* Release */,
			);
			defaultConfigurationIsVisible = 0;
			defaultConfigurationName = Release;
		};
		11D7EF7F25AAEB580057695D /* Build configuration list for PBXNativeTarget "SobesApp" */ = {
			isa = XCConfigurationList;
			buildConfigurations = (
				11D7EF8025AAEB580057695D /* Debug */,
				11D7EF8125AAEB580057695D /* Release */,
			);
			defaultConfigurationIsVisible = 0;
			defaultConfigurationName = Release;
		};
/* End XCConfigurationList section */

/* Begin XCRemoteSwiftPackageReference section */
		116A706425AE40560003BFF5 /* XCRemoteSwiftPackageReference "IIDadata" */ = {
			isa = XCRemoteSwiftPackageReference;
			repositoryURL = "https://github.com/illabo/IIDadata.git";
			requirement = {
				kind = upToNextMajorVersion;
				minimumVersion = 0.2.6;
			};
		};
/* End XCRemoteSwiftPackageReference section */

/* Begin XCSwiftPackageProductDependency section */
		116A706525AE40560003BFF5 /* IIDadata */ = {
			isa = XCSwiftPackageProductDependency;
			package = 116A706425AE40560003BFF5 /* XCRemoteSwiftPackageReference "IIDadata" */;
			productName = IIDadata;
		};
/* End XCSwiftPackageProductDependency section */

/* Begin XCVersionGroup section */
		1148A03D25ADC2BF0065676D /* SobesApp.xcdatamodeld */ = {
			isa = XCVersionGroup;
			children = (
				1148A03E25ADC2BF0065676D /* SobesApp.xcdatamodel */,
			);
			currentVersion = 1148A03E25ADC2BF0065676D /* SobesApp.xcdatamodel */;
			path = SobesApp.xcdatamodeld;
			sourceTree = "<group>";
			versionGroupType = wrapper.xcdatamodel;
		};
/* End XCVersionGroup section */
	};
	rootObject = 11D7EF6025AAEB560057695D /* Project object */;
}
